
Microsoft Visual Studio Solution File, Format Version 11.00
# Visual Studio 2010
# SharpDevelop 4.4
Project("{FAE04EC0-301F-11D3-BF4B-00C04F79EFBC}") = "Proyecto de git", "Proyecto de git\Proyecto de git.csproj", "{BEAF03B8-B1CB-4D0A-84D0-C2BF1712AEC6}"
EndProject
Global
	GlobalSection(SolutionConfigurationPlatforms) = preSolution
		Debug|Any CPU = Debug|Any CPU
		Release|Any CPU = Release|Any CPU
	EndGlobalSection
	GlobalSection(ProjectConfigurationPlatforms) = postSolution
		{BEAF03B8-B1CB-4D0A-84D0-C2BF1712AEC6}.Debug|Any CPU.Build.0 = Debug|Any CPU
		{BEAF03B8-B1CB-4D0A-84D0-C2BF1712AEC6}.Debug|Any CPU.ActiveCfg = Debug|Any CPU
		{BEAF03B8-B1CB-4D0A-84D0-C2BF1712AEC6}.Release|Any CPU.Build.0 = Release|Any CPU
		{BEAF03B8-B1CB-4D0A-84D0-C2BF1712AEC6}.Release|Any CPU.ActiveCfg = Release|Any CPU
	EndGlobalSection
EndGlobal
